
Microsoft Visual Studio Solution File, Format Version 12.00
# Visual Studio Version 17
VisualStudioVersion = 17.6.33723.286
MinimumVisualStudioVersion = 10.0.40219.1
Project("{8BC9CEB8-8B4A-11D0-8D11-00A0C91BC942}") = "PSEMU", "PSEMU\PSEMU.vcxproj", "{B95090DE-D273-4483-A696-31C54E74A66D}"
EndProject
Global
	GlobalSection(SolutionConfigurationPlatforms) = preSolution
		Debug|x64 = Debug|x64
		Debug|x86 = Debug|x86
		Release|x64 = Release|x64
		Release|x86 = Release|x86
	EndGlobalSection
	GlobalSection(ProjectConfigurationPlatforms) = postSolution
		{B95090DE-D273-4483-A696-31C54E74A66D}.Debug|x64.ActiveCfg = Debug|x64
		{B95090DE-D273-4483-A696-31C54E74A66D}.Debug|x64.Build.0 = Debug|x64
		{B95090DE-D273-4483-A696-31C54E74A66D}.Debug|x86.ActiveCfg = Debug|Win32
		{B95090DE-D273-4483-A696-31C54E74A66D}.Debug|x86.Build.0 = Debug|Win32
		{B95090DE-D273-4483-A696-31C54E74A66D}.Release|x64.ActiveCfg = Release|x64
		{B95090DE-D273-4483-A696-31C54E74A66D}.Release|x64.Build.0 = Release|x64
		{B95090DE-D273-4483-A696-31C54E74A66D}.Release|x86.ActiveCfg = Release|Win32
		{B95090DE-D273-4483-A696-31C54E74A66D}.Release|x86.Build.0 = Release|Win32
	EndGlobalSection
	GlobalSection(SolutionProperties) = preSolution
		HideSolutionNode = FALSE
	EndGlobalSection
	GlobalSection(ExtensibilityGlobals) = postSolution
		SolutionGuid = {8558E47C-E0A3-4617-9E5F-39AA9C797465}
	EndGlobalSection
EndGlobal
