<?xml version="1.0" encoding="utf-8"?>
<Project ToolsVersion="4.0" xmlns="http://schemas.microsoft.com/developer/msbuild/2003">
  <ItemGroup>
    <Filter Include="Source Files">
      <UniqueIdentifier>{4FC737F1-C7A5-4376-A066-2A32D752A2FF}</UniqueIdentifier>
      <Extensions>cpp;c;cc;cxx;c++;cppm;ixx;def;odl;idl;hpj;bat;asm;asmx</Extensions>
    </Filter>
    <Filter Include="Header Files">
      <UniqueIdentifier>{93995380-89BD-4b04-88EB-625FBE52EBFB}</UniqueIdentifier>
      <Extensions>h;hh;hpp;hxx;h++;hm;inl;inc;ipp;xsd</Extensions>
    </Filter>
    <Filter Include="Resource Files">
      <UniqueIdentifier>{67DA6AB6-F800-4c08-8B7A-83BB121AAD01}</UniqueIdentifier>
      <Extensions>rc;ico;cur;bmp;dlg;rc2;rct;bin;rgs;gif;jpg;jpeg;jpe;resx;tiff;tif;png;wav;mfcribbon-ms</Extensions>
    </Filter>
    <Filter Include="Source Files\Testing">
      <UniqueIdentifier>{394a7008-c723-4aac-8494-f8bd86545e24}</UniqueIdentifier>
    </Filter>
    <Filter Include="Source Files\Memory">
      <UniqueIdentifier>{4148ae56-23d8-4af5-b763-a15deb50b7e9}</UniqueIdentifier>
    </Filter>
    <Filter Include="Source Files\Memory\BIOS">
      <UniqueIdentifier>{d2270265-5f08-40fe-b1df-b1bed0a1f1e1}</UniqueIdentifier>
    </Filter>
  </ItemGroup>
  <ItemGroup>
    <ClCompile Include="PSEMU.cpp">
      <Filter>Source Files</Filter>
    </ClCompile>
    <ClCompile Include="BIOS.cpp">
      <Filter>Source Files\Memory\BIOS</Filter>
    </ClCompile>
    <ClCompile Include="Bus.cpp">
      <Filter>Source Files\Memory</Filter>
    </ClCompile>
  </ItemGroup>
  <ItemGroup>
    <None Include="Testing\OP_ADD\ADD_TEST.asm">
      <Filter>Source Files\Testing</Filter>
    </None>
  </ItemGroup>
  <ItemGroup>
    <ClInclude Include="BIOS.h">
      <Filter>Source Files\Memory\BIOS</Filter>
    </ClInclude>
    <ClInclude Include="Bus.h">
      <Filter>Source Files\Memory</Filter>
    </ClInclude>
    <ClInclude Include="Range.h">
      <Filter>Source Files\Memory</Filter>
    </ClInclude>
  </ItemGroup>
</Project>