<?xml version="1.0" encoding="utf-8"?>
<Project ToolsVersion="4.0" xmlns="http://schemas.microsoft.com/developer/msbuild/2003">
  <ItemGroup>
    <Filter Include="Source Files">
      <UniqueIdentifier>{4FC737F1-C7A5-4376-A066-2A32D752A2FF}</UniqueIdentifier>
      <Extensions>cpp;c;cc;cxx;c++;cppm;ixx;def;odl;idl;hpj;bat;asm;asmx</Extensions>
    </Filter>
    <Filter Include="Header Files">
      <UniqueIdentifier>{93995380-89BD-4b04-88EB-625FBE52EBFB}</UniqueIdentifier>
      <Extensions>h;hh;hpp;hxx;h++;hm;inl;inc;ipp;xsd</Extensions>
    </Filter>
    <Filter Include="Resource Files">
      <UniqueIdentifier>{67DA6AB6-F800-4c08-8B7A-83BB121AAD01}</UniqueIdentifier>
      <Extensions>rc;ico;cur;bmp;dlg;rc2;rct;bin;rgs;gif;jpg;jpeg;jpe;resx;tiff;tif;png;wav;mfcribbon-ms</Extensions>
    </Filter>
    <Filter Include="Source Files\Testing">
      <UniqueIdentifier>{394a7008-c723-4aac-8494-f8bd86545e24}</UniqueIdentifier>
    </Filter>
    <Filter Include="Source Files\CPU">
      <UniqueIdentifier>{10b2bee1-0b11-4292-a6df-482241d17223}</UniqueIdentifier>
    </Filter>
    <Filter Include="Source Files\Bus">
      <UniqueIdentifier>{f5b7cfcd-aeaa-460d-a11b-262d54de02b5}</UniqueIdentifier>
    </Filter>
    <Filter Include="Source Files\Bus\BIOS">
      <UniqueIdentifier>{5cda58a3-18b6-4818-ae46-b3718f9260d9}</UniqueIdentifier>
    </Filter>
  </ItemGroup>
  <ItemGroup>
    <ClCompile Include="PSEMU.cpp">
      <Filter>Source Files</Filter>
    </ClCompile>
    <ClCompile Include="CPU.cpp">
      <Filter>Source Files\CPU</Filter>
    </ClCompile>
    <ClCompile Include="Bus.cpp">
      <Filter>Source Files\Bus</Filter>
    </ClCompile>
    <ClCompile Include="Bios.cpp">
      <Filter>Source Files\Bus\BIOS</Filter>
    </ClCompile>
  </ItemGroup>
  <ItemGroup>
    <None Include="Testing\OP_ADD\ADD_TEST.asm">
      <Filter>Source Files\Testing</Filter>
    </None>
  </ItemGroup>
  <ItemGroup>
    <ClInclude Include="CPU.h">
      <Filter>Source Files\CPU</Filter>
    </ClInclude>
    <ClInclude Include="Bus.h">
      <Filter>Source Files\Bus</Filter>
    </ClInclude>
    <ClInclude Include="Bios.h">
      <Filter>Source Files\Bus\BIOS</Filter>
    </ClInclude>
    <ClInclude Include="Range.h">
      <Filter>Source Files\Bus</Filter>
    </ClInclude>
    <ClInclude Include="Instruction.h">
      <Filter>Source Files\CPU</Filter>
    </ClInclude>
  </ItemGroup>
</Project>